
Microsoft Visual Studio Solution File, Format Version 12.00
# Visual Studio 2013
VisualStudioVersion = 12.0.31101.0
MinimumVisualStudioVersion = 10.0.40219.1
Project("{FAE04EC0-301F-11D3-BF4B-00C04F79EFBC}") = "hringr", "hringr\hringr.csproj", "{80C746AF-5A00-4060-BF87-6B27A9D56C55}"
EndProject
Project("{FAE04EC0-301F-11D3-BF4B-00C04F79EFBC}") = "hringr.Tests", "hringr.Tests\hringr.Tests.csproj", "{5371B100-A45A-49FB-BA94-B8DE4285077F}"
EndProject
Global
	GlobalSection(SolutionConfigurationPlatforms) = preSolution
		Debug|Any CPU = Debug|Any CPU
		Release|Any CPU = Release|Any CPU
	EndGlobalSection
	GlobalSection(ProjectConfigurationPlatforms) = postSolution
		{80C746AF-5A00-4060-BF87-6B27A9D56C55}.Debug|Any CPU.ActiveCfg = Debug|Any CPU
		{80C746AF-5A00-4060-BF87-6B27A9D56C55}.Debug|Any CPU.Build.0 = Debug|Any CPU
		{80C746AF-5A00-4060-BF87-6B27A9D56C55}.Release|Any CPU.ActiveCfg = Release|Any CPU
		{80C746AF-5A00-4060-BF87-6B27A9D56C55}.Release|Any CPU.Build.0 = Release|Any CPU
		{5371B100-A45A-49FB-BA94-B8DE4285077F}.Debug|Any CPU.ActiveCfg = Debug|Any CPU
		{5371B100-A45A-49FB-BA94-B8DE4285077F}.Debug|Any CPU.Build.0 = Debug|Any CPU
		{5371B100-A45A-49FB-BA94-B8DE4285077F}.Release|Any CPU.ActiveCfg = Release|Any CPU
		{5371B100-A45A-49FB-BA94-B8DE4285077F}.Release|Any CPU.Build.0 = Release|Any CPU
	EndGlobalSection
	GlobalSection(SolutionProperties) = preSolution
		HideSolutionNode = FALSE
	EndGlobalSection
EndGlobal
